
Microsoft Visual Studio Solution File, Format Version 12.00
# Visual Studio Version 17
VisualStudioVersion = 17.3.32804.467
MinimumVisualStudioVersion = 10.0.40219.1
Project("{FAE04EC0-301F-11D3-BF4B-00C04F79EFBC}") = "Better Call Saul", "Better Call Saul\Better Call Saul.csproj", "{0848C3C1-ED61-4404-AEDC-945122AB43B4}"
EndProject
Global
	GlobalSection(SolutionConfigurationPlatforms) = preSolution
		Debug|Any CPU = Debug|Any CPU
		Release|Any CPU = Release|Any CPU
	EndGlobalSection
	GlobalSection(ProjectConfigurationPlatforms) = postSolution
		{0848C3C1-ED61-4404-AEDC-945122AB43B4}.Debug|Any CPU.ActiveCfg = Debug|Any CPU
		{0848C3C1-ED61-4404-AEDC-945122AB43B4}.Debug|Any CPU.Build.0 = Debug|Any CPU
		{0848C3C1-ED61-4404-AEDC-945122AB43B4}.Release|Any CPU.ActiveCfg = Release|Any CPU
		{0848C3C1-ED61-4404-AEDC-945122AB43B4}.Release|Any CPU.Build.0 = Release|Any CPU
	EndGlobalSection
	GlobalSection(SolutionProperties) = preSolution
		HideSolutionNode = FALSE
	EndGlobalSection
	GlobalSection(ExtensibilityGlobals) = postSolution
		SolutionGuid = {97E71A64-AF68-49DE-BB83-23956636D947}
	EndGlobalSection
EndGlobal
